// !$*UTF8*$!
{
	archiveVersion = 1;
	classes = {
	};
	objectVersion = 55;
	objects = {

/* Begin PBXBuildFile section */
		434F66E228C77B7400013427 /* LibraryHeaderView.xib in Resources */ = {isa = PBXBuildFile; fileRef = 434F66E128C77B7400013427 /* LibraryHeaderView.xib */; };
		434F66E428C7854B00013427 /* Library.swift in Sources */ = {isa = PBXBuildFile; fileRef = 434F66E328C7854B00013427 /* Library.swift */; };
		43FCCE8D28C64E2100431718 /* AppDelegate.swift in Sources */ = {isa = PBXBuildFile; fileRef = 43FCCE8C28C64E2100431718 /* AppDelegate.swift */; };
		43FCCE8F28C64E2100431718 /* SceneDelegate.swift in Sources */ = {isa = PBXBuildFile; fileRef = 43FCCE8E28C64E2100431718 /* SceneDelegate.swift */; };
		43FCCE9128C64E2100431718 /* LibraryViewController.swift in Sources */ = {isa = PBXBuildFile; fileRef = 43FCCE9028C64E2100431718 /* LibraryViewController.swift */; };
		43FCCE9428C64E2100431718 /* Main.storyboard in Resources */ = {isa = PBXBuildFile; fileRef = 43FCCE9228C64E2100431718 /* Main.storyboard */; };
		43FCCE9628C64E2300431718 /* Assets.xcassets in Resources */ = {isa = PBXBuildFile; fileRef = 43FCCE9528C64E2300431718 /* Assets.xcassets */; };
		43FCCE9928C64E2300431718 /* LaunchScreen.storyboard in Resources */ = {isa = PBXBuildFile; fileRef = 43FCCE9728C64E2300431718 /* LaunchScreen.storyboard */; };
		43FCCEA128C64FB300431718 /* Book.swift in Sources */ = {isa = PBXBuildFile; fileRef = 43FCCEA028C64FB300431718 /* Book.swift */; };
		43FCCEA528C65F9500431718 /* DetailViewController.swift in Sources */ = {isa = PBXBuildFile; fileRef = 43FCCEA428C65F9500431718 /* DetailViewController.swift */; };
		43FCCEA928C66E7400431718 /* BookCell.swift in Sources */ = {isa = PBXBuildFile; fileRef = 43FCCEA828C66E7400431718 /* BookCell.swift */; };
		43FCCEAB28C7734F00431718 /* NewBookViewController.swift in Sources */ = {isa = PBXBuildFile; fileRef = 43FCCEAA28C7734F00431718 /* NewBookViewController.swift */; };
/* End PBXBuildFile section */

/* Begin PBXFileReference section */
		434F66E128C77B7400013427 /* LibraryHeaderView.xib */ = {isa = PBXFileReference; lastKnownFileType = file.xib; path = LibraryHeaderView.xib; sourceTree = "<group>"; };
		434F66E328C7854B00013427 /* Library.swift */ = {isa = PBXFileReference; fileEncoding = 4; lastKnownFileType = sourcecode.swift; path = Library.swift; sourceTree = "<group>"; };
		43FCCE8928C64E2100431718 /* ReadFromMe.app */ = {isa = PBXFileReference; explicitFileType = wrapper.application; includeInIndex = 0; path = ReadFromMe.app; sourceTree = BUILT_PRODUCTS_DIR; };
		43FCCE8C28C64E2100431718 /* AppDelegate.swift */ = {isa = PBXFileReference; lastKnownFileType = sourcecode.swift; path = AppDelegate.swift; sourceTree = "<group>"; };
		43FCCE8E28C64E2100431718 /* SceneDelegate.swift */ = {isa = PBXFileReference; lastKnownFileType = sourcecode.swift; path = SceneDelegate.swift; sourceTree = "<group>"; };
		43FCCE9028C64E2100431718 /* LibraryViewController.swift */ = {isa = PBXFileReference; lastKnownFileType = sourcecode.swift; path = LibraryViewController.swift; sourceTree = "<group>"; };
		43FCCE9328C64E2100431718 /* Base */ = {isa = PBXFileReference; lastKnownFileType = file.storyboard; name = Base; path = Base.lproj/Main.storyboard; sourceTree = "<group>"; };
		43FCCE9528C64E2300431718 /* Assets.xcassets */ = {isa = PBXFileReference; lastKnownFileType = folder.assetcatalog; path = Assets.xcassets; sourceTree = "<group>"; };
		43FCCE9828C64E2300431718 /* Base */ = {isa = PBXFileReference; lastKnownFileType = file.storyboard; name = Base; path = Base.lproj/LaunchScreen.storyboard; sourceTree = "<group>"; };
		43FCCE9A28C64E2300431718 /* Info.plist */ = {isa = PBXFileReference; lastKnownFileType = text.plist.xml; path = Info.plist; sourceTree = "<group>"; };
		43FCCEA028C64FB300431718 /* Book.swift */ = {isa = PBXFileReference; lastKnownFileType = sourcecode.swift; path = Book.swift; sourceTree = "<group>"; };
		43FCCEA428C65F9500431718 /* DetailViewController.swift */ = {isa = PBXFileReference; lastKnownFileType = sourcecode.swift; path = DetailViewController.swift; sourceTree = "<group>"; };
		43FCCEA828C66E7400431718 /* BookCell.swift */ = {isa = PBXFileReference; lastKnownFileType = sourcecode.swift; path = BookCell.swift; sourceTree = "<group>"; };
		43FCCEAA28C7734F00431718 /* NewBookViewController.swift */ = {isa = PBXFileReference; lastKnownFileType = sourcecode.swift; path = NewBookViewController.swift; sourceTree = "<group>"; };
/* End PBXFileReference section */

/* Begin PBXFrameworksBuildPhase section */
		43FCCE8628C64E2100431718 /* Frameworks */ = {
			isa = PBXFrameworksBuildPhase;
			buildActionMask = 2147483647;
			files = (
			);
			runOnlyForDeploymentPostprocessing = 0;
		};
/* End PBXFrameworksBuildPhase section */

/* Begin PBXGroup section */
		43FCCE8028C64E2100431718 = {
			isa = PBXGroup;
			children = (
				434F66E128C77B7400013427 /* LibraryHeaderView.xib */,
				43FCCE8B28C64E2100431718 /* ReadFromMe */,
				43FCCE8A28C64E2100431718 /* Products */,
			);
			sourceTree = "<group>";
		};
		43FCCE8A28C64E2100431718 /* Products */ = {
			isa = PBXGroup;
			children = (
				43FCCE8928C64E2100431718 /* ReadFromMe.app */,
			);
			name = Products;
			sourceTree = "<group>";
		};
		43FCCE8B28C64E2100431718 /* ReadFromMe */ = {
			isa = PBXGroup;
			children = (
				43FCCEAA28C7734F00431718 /* NewBookViewController.swift */,
				43FCCE8C28C64E2100431718 /* AppDelegate.swift */,
				43FCCE8E28C64E2100431718 /* SceneDelegate.swift */,
				434F66E328C7854B00013427 /* Library.swift */,
				43FCCE9028C64E2100431718 /* LibraryViewController.swift */,
				43FCCEA828C66E7400431718 /* BookCell.swift */,
				43FCCE9228C64E2100431718 /* Main.storyboard */,
				43FCCEA428C65F9500431718 /* DetailViewController.swift */,
				43FCCEA028C64FB300431718 /* Book.swift */,
				43FCCE9528C64E2300431718 /* Assets.xcassets */,
				43FCCE9728C64E2300431718 /* LaunchScreen.storyboard */,
				43FCCE9A28C64E2300431718 /* Info.plist */,
			);
			path = ReadFromMe;
			sourceTree = "<group>";
		};
/* End PBXGroup section */

/* Begin PBXNativeTarget section */
		43FCCE8828C64E2100431718 /* ReadFromMe */ = {
			isa = PBXNativeTarget;
			buildConfigurationList = 43FCCE9D28C64E2300431718 /* Build configuration list for PBXNativeTarget "ReadFromMe" */;
			buildPhases = (
				43FCCE8528C64E2100431718 /* Sources */,
				43FCCE8628C64E2100431718 /* Frameworks */,
				43FCCE8728C64E2100431718 /* Resources */,
			);
			buildRules = (
			);
			dependencies = (
			);
			name = ReadFromMe;
			productName = ReadFromMe;
			productReference = 43FCCE8928C64E2100431718 /* ReadFromMe.app */;
			productType = "com.apple.product-type.application";
		};
/* End PBXNativeTarget section */

/* Begin PBXProject section */
		43FCCE8128C64E2100431718 /* Project object */ = {
			isa = PBXProject;
			attributes = {
				BuildIndependentTargetsInParallel = 1;
				LastSwiftUpdateCheck = 1340;
				LastUpgradeCheck = 1340;
				TargetAttributes = {
					43FCCE8828C64E2100431718 = {
						CreatedOnToolsVersion = 13.4.1;
					};
				};
			};
			buildConfigurationList = 43FCCE8428C64E2100431718 /* Build configuration list for PBXProject "ReadFromMe" */;
			compatibilityVersion = "Xcode 13.0";
			developmentRegion = en;
			hasScannedForEncodings = 0;
			knownRegions = (
				en,
				Base,
			);
			mainGroup = 43FCCE8028C64E2100431718;
			productRefGroup = 43FCCE8A28C64E2100431718 /* Products */;
			projectDirPath = "";
			projectRoot = "";
			targets = (
				43FCCE8828C64E2100431718 /* ReadFromMe */,
			);
		};
/* End PBXProject section */

/* Begin PBXResourcesBuildPhase section */
		43FCCE8728C64E2100431718 /* Resources */ = {
			isa = PBXResourcesBuildPhase;
			buildActionMask = 2147483647;
			files = (
				43FCCE9928C64E2300431718 /* LaunchScreen.storyboard in Resources */,
				43FCCE9628C64E2300431718 /* Assets.xcassets in Resources */,
				43FCCE9428C64E2100431718 /* Main.storyboard in Resources */,
				434F66E228C77B7400013427 /* LibraryHeaderView.xib in Resources */,
			);
			runOnlyForDeploymentPostprocessing = 0;
		};
/* End PBXResourcesBuildPhase section */

/* Begin PBXSourcesBuildPhase section */
		43FCCE8528C64E2100431718 /* Sources */ = {
			isa = PBXSourcesBuildPhase;
			buildActionMask = 2147483647;
			files = (
				43FCCEA128C64FB300431718 /* Book.swift in Sources */,
				43FCCE9128C64E2100431718 /* LibraryViewController.swift in Sources */,
				43FCCEAB28C7734F00431718 /* NewBookViewController.swift in Sources */,
				43FCCEA528C65F9500431718 /* DetailViewController.swift in Sources */,
				43FCCEA928C66E7400431718 /* BookCell.swift in Sources */,
				434F66E428C7854B00013427 /* Library.swift in Sources */,
				43FCCE8D28C64E2100431718 /* AppDelegate.swift in Sources */,
				43FCCE8F28C64E2100431718 /* SceneDelegate.swift in Sources */,
			);
			runOnlyForDeploymentPostprocessing = 0;
		};
/* End PBXSourcesBuildPhase section */

/* Begin PBXVariantGroup section */
		43FCCE9228C64E2100431718 /* Main.storyboard */ = {
			isa = PBXVariantGroup;
			children = (
				43FCCE9328C64E2100431718 /* Base */,
			);
			name = Main.storyboard;
			sourceTree = "<group>";
		};
		43FCCE9728C64E2300431718 /* LaunchScreen.storyboard */ = {
			isa = PBXVariantGroup;
			children = (
				43FCCE9828C64E2300431718 /* Base */,
			);
			name = LaunchScreen.storyboard;
			sourceTree = "<group>";
		};
/* End PBXVariantGroup section */

/* Begin XCBuildConfiguration section */
		43FCCE9B28C64E2300431718 /* Debug */ = {
			isa = XCBuildConfiguration;
			buildSettings = {
				ALWAYS_SEARCH_USER_PATHS = NO;
				CLANG_ANALYZER_NONNULL = YES;
				CLANG_ANALYZER_NUMBER_OBJECT_CONVERSION = YES_AGGRESSIVE;
				CLANG_CXX_LANGUAGE_STANDARD = "gnu++17";
				CLANG_ENABLE_MODULES = YES;
				CLANG_ENABLE_OBJC_ARC = YES;
				CLANG_ENABLE_OBJC_WEAK = YES;
				CLANG_WARN_BLOCK_CAPTURE_AUTORELEASING = YES;
				CLANG_WARN_BOOL_CONVERSION = YES;
				CLANG_WARN_COMMA = YES;
				CLANG_WARN_CONSTANT_CONVERSION = YES;
				CLANG_WARN_DEPRECATED_OBJC_IMPLEMENTATIONS = YES;
				CLANG_WARN_DIRECT_OBJC_ISA_USAGE = YES_ERROR;
				CLANG_WARN_DOCUMENTATION_COMMENTS = YES;
				CLANG_WARN_EMPTY_BODY = YES;
				CLANG_WARN_ENUM_CONVERSION = YES;
				CLANG_WARN_INFINITE_RECURSION = YES;
				CLANG_WARN_INT_CONVERSION = YES;
				CLANG_WARN_NON_LITERAL_NULL_CONVERSION = YES;
				CLANG_WARN_OBJC_IMPLICIT_RETAIN_SELF = YES;
				CLANG_WARN_OBJC_LITERAL_CONVERSION = YES;
				CLANG_WARN_OBJC_ROOT_CLASS = YES_ERROR;
				CLANG_WARN_QUOTED_INCLUDE_IN_FRAMEWORK_HEADER = YES;
				CLANG_WARN_RANGE_LOOP_ANALYSIS = YES;
				CLANG_WARN_STRICT_PROTOTYPES = YES;
				CLANG_WARN_SUSPICIOUS_MOVE = YES;
				CLANG_WARN_UNGUARDED_AVAILABILITY = YES_AGGRESSIVE;
				CLANG_WARN_UNREACHABLE_CODE = YES;
				CLANG_WARN__DUPLICATE_METHOD_MATCH = YES;
				COPY_PHASE_STRIP = NO;
				DEBUG_INFORMATION_FORMAT = dwarf;
				ENABLE_STRICT_OBJC_MSGSEND = YES;
				ENABLE_TESTABILITY = YES;
				GCC_C_LANGUAGE_STANDARD = gnu11;
				GCC_DYNAMIC_NO_PIC = NO;
				GCC_NO_COMMON_BLOCKS = YES;
				GCC_OPTIMIZATION_LEVEL = 0;
				GCC_PREPROCESSOR_DEFINITIONS = (
					"DEBUG=1",
					"$(inherited)",
				);
				GCC_WARN_64_TO_32_BIT_CONVERSION = YES;
				GCC_WARN_ABOUT_RETURN_TYPE = YES_ERROR;
				GCC_WARN_UNDECLARED_SELECTOR = YES;
				GCC_WARN_UNINITIALIZED_AUTOS = YES_AGGRESSIVE;
				GCC_WARN_UNUSED_FUNCTION = YES;
				GCC_WARN_UNUSED_VARIABLE = YES;
				IPHONEOS_DEPLOYMENT_TARGET = 15.5;
				MTL_ENABLE_DEBUG_INFO = INCLUDE_SOURCE;
				MTL_FAST_MATH = YES;
				ONLY_ACTIVE_ARCH = YES;
				SDKROOT = iphoneos;
				SWIFT_ACTIVE_COMPILATION_CONDITIONS = DEBUG;
				SWIFT_OPTIMIZATION_LEVEL = "-Onone";
			};
			name = Debug;
		};
		43FCCE9C28C64E2300431718 /* Release */ = {
			isa = XCBuildConfiguration;
			buildSettings = {
				ALWAYS_SEARCH_USER_PATHS = NO;
				CLANG_ANALYZER_NONNULL = YES;
				CLANG_ANALYZER_NUMBER_OBJECT_CONVERSION = YES_AGGRESSIVE;
				CLANG_CXX_LANGUAGE_STANDARD = "gnu++17";
				CLANG_ENABLE_MODULES = YES;
				CLANG_ENABLE_OBJC_ARC = YES;
				CLANG_ENABLE_OBJC_WEAK = YES;
				CLANG_WARN_BLOCK_CAPTURE_AUTORELEASING = YES;
				CLANG_WARN_BOOL_CONVERSION = YES;
				CLANG_WARN_COMMA = YES;
				CLANG_WARN_CONSTANT_CONVERSION = YES;
				CLANG_WARN_DEPRECATED_OBJC_IMPLEMENTATIONS = YES;
				CLANG_WARN_DIRECT_OBJC_ISA_USAGE = YES_ERROR;
				CLANG_WARN_DOCUMENTATION_COMMENTS = YES;
				CLANG_WARN_EMPTY_BODY = YES;
				CLANG_WARN_ENUM_CONVERSION = YES;
				CLANG_WARN_INFINITE_RECURSION = YES;
				CLANG_WARN_INT_CONVERSION = YES;
				CLANG_WARN_NON_LITERAL_NULL_CONVERSION = YES;
				CLANG_WARN_OBJC_IMPLICIT_RETAIN_SELF = YES;
				CLANG_WARN_OBJC_LITERAL_CONVERSION = YES;
				CLANG_WARN_OBJC_ROOT_CLASS = YES_ERROR;
				CLANG_WARN_QUOTED_INCLUDE_IN_FRAMEWORK_HEADER = YES;
				CLANG_WARN_RANGE_LOOP_ANALYSIS = YES;
				CLANG_WARN_STRICT_PROTOTYPES = YES;
				CLANG_WARN_SUSPICIOUS_MOVE = YES;
				CLANG_WARN_UNGUARDED_AVAILABILITY = YES_AGGRESSIVE;
				CLANG_WARN_UNREACHABLE_CODE = YES;
				CLANG_WARN__DUPLICATE_METHOD_MATCH = YES;
				COPY_PHASE_STRIP = NO;
				DEBUG_INFORMATION_FORMAT = "dwarf-with-dsym";
				ENABLE_NS_ASSERTIONS = NO;
				ENABLE_STRICT_OBJC_MSGSEND = YES;
				GCC_C_LANGUAGE_STANDARD = gnu11;
				GCC_NO_COMMON_BLOCKS = YES;
				GCC_WARN_64_TO_32_BIT_CONVERSION = YES;
				GCC_WARN_ABOUT_RETURN_TYPE = YES_ERROR;
				GCC_WARN_UNDECLARED_SELECTOR = YES;
				GCC_WARN_UNINITIALIZED_AUTOS = YES_AGGRESSIVE;
				GCC_WARN_UNUSED_FUNCTION = YES;
				GCC_WARN_UNUSED_VARIABLE = YES;
				IPHONEOS_DEPLOYMENT_TARGET = 15.5;
				MTL_ENABLE_DEBUG_INFO = NO;
				MTL_FAST_MATH = YES;
				SDKROOT = iphoneos;
				SWIFT_COMPILATION_MODE = wholemodule;
				SWIFT_OPTIMIZATION_LEVEL = "-O";
				VALIDATE_PRODUCT = YES;
			};
			name = Release;
		};
		43FCCE9E28C64E2300431718 /* Debug */ = {
			isa = XCBuildConfiguration;
			buildSettings = {
				ASSETCATALOG_COMPILER_APPICON_NAME = AppIcon;
				ASSETCATALOG_COMPILER_GLOBAL_ACCENT_COLOR_NAME = AccentColor;
				CODE_SIGN_STYLE = Automatic;
				CURRENT_PROJECT_VERSION = 1;
				DEVELOPMENT_TEAM = 8K52FAQ674;
				GENERATE_INFOPLIST_FILE = YES;
				INFOPLIST_FILE = ReadFromMe/Info.plist;
				INFOPLIST_KEY_UIApplicationSupportsIndirectInputEvents = YES;
				INFOPLIST_KEY_UILaunchStoryboardName = LaunchScreen;
				INFOPLIST_KEY_UIMainStoryboardFile = Main;
				INFOPLIST_KEY_UISupportedInterfaceOrientations_iPad = "UIInterfaceOrientationPortrait UIInterfaceOrientationPortraitUpsideDown UIInterfaceOrientationLandscapeLeft UIInterfaceOrientationLandscapeRight";
				INFOPLIST_KEY_UISupportedInterfaceOrientations_iPhone = "UIInterfaceOrientationPortrait UIInterfaceOrientationLandscapeLeft UIInterfaceOrientationLandscapeRight";
				LD_RUNPATH_SEARCH_PATHS = (
					"$(inherited)",
					"@executable_path/Frameworks",
				);
				MARKETING_VERSION = 1.0;
				PRODUCT_BUNDLE_IDENTIFIER = pae.ReadFromMe.ReadFromMe;
				PRODUCT_NAME = "$(TARGET_NAME)";
				SWIFT_EMIT_LOC_STRINGS = YES;
				SWIFT_VERSION = 5.0;
				TARGETED_DEVICE_FAMILY = "1,2";
			};
			name = Debug;
		};
		43FCCE9F28C64E2300431718 /* Release */ = {
			isa = XCBuildConfiguration;
			buildSettings = {
				ASSETCATALOG_COMPILER_APPICON_NAME = AppIcon;
				ASSETCATALOG_COMPILER_GLOBAL_ACCENT_COLOR_NAME = AccentColor;
				CODE_SIGN_STYLE = Automatic;
				CURRENT_PROJECT_VERSION = 1;
				DEVELOPMENT_TEAM = 8K52FAQ674;
				GENERATE_INFOPLIST_FILE = YES;
				INFOPLIST_FILE = ReadFromMe/Info.plist;
				INFOPLIST_KEY_UIApplicationSupportsIndirectInputEvents = YES;
				INFOPLIST_KEY_UILaunchStoryboardName = LaunchScreen;
				INFOPLIST_KEY_UIMainStoryboardFile = Main;
				INFOPLIST_KEY_UISupportedInterfaceOrientations_iPad = "UIInterfaceOrientationPortrait UIInterfaceOrientationPortraitUpsideDown UIInterfaceOrientationLandscapeLeft UIInterfaceOrientationLandscapeRight";
				INFOPLIST_KEY_UISupportedInterfaceOrientations_iPhone = "UIInterfaceOrientationPortrait UIInterfaceOrientationLandscapeLeft UIInterfaceOrientationLandscapeRight";
				LD_RUNPATH_SEARCH_PATHS = (
					"$(inherited)",
					"@executable_path/Frameworks",
				);
				MARKETING_VERSION = 1.0;
				PRODUCT_BUNDLE_IDENTIFIER = pae.ReadFromMe.ReadFromMe;
				PRODUCT_NAME = "$(TARGET_NAME)";
				SWIFT_EMIT_LOC_STRINGS = YES;
				SWIFT_VERSION = 5.0;
				TARGETED_DEVICE_FAMILY = "1,2";
			};
			name = Release;
		};
/* End XCBuildConfiguration section */

/* Begin XCConfigurationList section */
		43FCCE8428C64E2100431718 /* Build configuration list for PBXProject "ReadFromMe" */ = {
			isa = XCConfigurationList;
			buildConfigurations = (
				43FCCE9B28C64E2300431718 /* Debug */,
				43FCCE9C28C64E2300431718 /* Release */,
			);
			defaultConfigurationIsVisible = 0;
			defaultConfigurationName = Release;
		};
		43FCCE9D28C64E2300431718 /* Build configuration list for PBXNativeTarget "ReadFromMe" */ = {
			isa = XCConfigurationList;
			buildConfigurations = (
				43FCCE9E28C64E2300431718 /* Debug */,
				43FCCE9F28C64E2300431718 /* Release */,
			);
			defaultConfigurationIsVisible = 0;
			defaultConfigurationName = Release;
		};
/* End XCConfigurationList section */
	};
	rootObject = 43FCCE8128C64E2100431718 /* Project object */;
}
